
Microsoft Visual Studio Solution File, Format Version 12.00
# Visual Studio 15
VisualStudioVersion = 15.0.26430.12
MinimumVisualStudioVersion = 10.0.40219.1
Project("{FAE04EC0-301F-11D3-BF4B-00C04F79EFBC}") = "OpenManta.Data", "OpenManta.Data\OpenManta.Data.csproj", "{91B948F6-C85D-4846-9356-F54EB66AE280}"
EndProject
Project("{FAE04EC0-301F-11D3-BF4B-00C04F79EFBC}") = "OpenManta.Core", "OpenManta.Core\OpenManta.Core.csproj", "{34989F0C-49A3-4017-A8D6-3EB00B4A9487}"
EndProject
Project("{FAE04EC0-301F-11D3-BF4B-00C04F79EFBC}") = "OpenManta.Framework", "OpenManta.Framework\OpenManta.Framework.csproj", "{DE89FBF3-7885-45CE-8F35-373FA275759F}"
EndProject
Project("{FAE04EC0-301F-11D3-BF4B-00C04F79EFBC}") = "OpenManta.Service", "OpenManta.Service\OpenManta.Service.csproj", "{915935CA-7B88-466A-AADD-46BA64BA8021}"
EndProject
Project("{FAE04EC0-301F-11D3-BF4B-00C04F79EFBC}") = "OpenManta.Console", "OpenManta.Console\OpenManta.Console.csproj", "{2AB901CF-C93E-45B8-87E0-922AAC59EDA5}"
EndProject
Project("{FAE04EC0-301F-11D3-BF4B-00C04F79EFBC}") = "OpenManta.WebLib", "OpenManta.WebLib\OpenManta.WebLib.csproj", "{2C57AF28-F471-4D88-83BF-89E3A8A2AD50}"
EndProject
Project("{FAE04EC0-301F-11D3-BF4B-00C04F79EFBC}") = "OpenManta.Web", "OpenManta.Web\OpenManta.Web.csproj", "{68455DD6-1DA9-4897-90B9-41A8E0A8AA59}"
EndProject
Project("{2150E333-8FDC-42A3-9474-1A3956D46DE8}") = "Unit Tests", "Unit Tests", "{25570F4D-C106-4377-9E40-22A09C7C8667}"
EndProject
Project("{FAE04EC0-301F-11D3-BF4B-00C04F79EFBC}") = "OpenManta.WebLib.Tests", "OpenManta.WebLib.Tests\OpenManta.WebLib.Tests.csproj", "{8F3FC2BB-8FB0-40B2-A0DD-A21C06E2BD0F}"
EndProject
Project("{FAE04EC0-301F-11D3-BF4B-00C04F79EFBC}") = "OpenManta.Data.Tests", "OpenManta.Data.Tests\OpenManta.Data.Tests.csproj", "{985C1CF7-0781-4F16-9CED-2459B4E2C972}"
EndProject
Project("{FAE04EC0-301F-11D3-BF4B-00C04F79EFBC}") = "OpenManta.Core.Tests", "OpenManta.Core.Tests\OpenManta.Core.Tests.csproj", "{E69938D2-E8ED-49FB-A1B0-6B099B0B8FA2}"
EndProject
Project("{FAE04EC0-301F-11D3-BF4B-00C04F79EFBC}") = "OpenManta.Framework.Tests", "OpenManta.Framework.Tests\OpenManta.Framework.Tests.csproj", "{B3DE0CB7-FBB4-4719-9F5D-FDC48A89C703}"
EndProject
Project("{FAE04EC0-301F-11D3-BF4B-00C04F79EFBC}") = "OpenManta.RabbitMq", "OpenManta.RabbitMq\OpenManta.RabbitMq.csproj", "{82812A28-FD7F-435D-ADF6-BA1B47F595BF}"
EndProject
Global
	GlobalSection(SolutionConfigurationPlatforms) = preSolution
		Debug|Any CPU = Debug|Any CPU
		Release|Any CPU = Release|Any CPU
	EndGlobalSection
	GlobalSection(ProjectConfigurationPlatforms) = postSolution
		{91B948F6-C85D-4846-9356-F54EB66AE280}.Debug|Any CPU.ActiveCfg = Debug|Any CPU
		{91B948F6-C85D-4846-9356-F54EB66AE280}.Debug|Any CPU.Build.0 = Debug|Any CPU
		{91B948F6-C85D-4846-9356-F54EB66AE280}.Release|Any CPU.ActiveCfg = Release|Any CPU
		{91B948F6-C85D-4846-9356-F54EB66AE280}.Release|Any CPU.Build.0 = Release|Any CPU
		{34989F0C-49A3-4017-A8D6-3EB00B4A9487}.Debug|Any CPU.ActiveCfg = Debug|Any CPU
		{34989F0C-49A3-4017-A8D6-3EB00B4A9487}.Debug|Any CPU.Build.0 = Debug|Any CPU
		{34989F0C-49A3-4017-A8D6-3EB00B4A9487}.Release|Any CPU.ActiveCfg = Release|Any CPU
		{34989F0C-49A3-4017-A8D6-3EB00B4A9487}.Release|Any CPU.Build.0 = Release|Any CPU
		{DE89FBF3-7885-45CE-8F35-373FA275759F}.Debug|Any CPU.ActiveCfg = Debug|Any CPU
		{DE89FBF3-7885-45CE-8F35-373FA275759F}.Debug|Any CPU.Build.0 = Debug|Any CPU
		{DE89FBF3-7885-45CE-8F35-373FA275759F}.Release|Any CPU.ActiveCfg = Release|Any CPU
		{DE89FBF3-7885-45CE-8F35-373FA275759F}.Release|Any CPU.Build.0 = Release|Any CPU
		{915935CA-7B88-466A-AADD-46BA64BA8021}.Debug|Any CPU.ActiveCfg = Debug|Any CPU
		{915935CA-7B88-466A-AADD-46BA64BA8021}.Debug|Any CPU.Build.0 = Debug|Any CPU
		{915935CA-7B88-466A-AADD-46BA64BA8021}.Release|Any CPU.ActiveCfg = Release|Any CPU
		{915935CA-7B88-466A-AADD-46BA64BA8021}.Release|Any CPU.Build.0 = Release|Any CPU
		{2AB901CF-C93E-45B8-87E0-922AAC59EDA5}.Debug|Any CPU.ActiveCfg = Debug|Any CPU
		{2AB901CF-C93E-45B8-87E0-922AAC59EDA5}.Debug|Any CPU.Build.0 = Debug|Any CPU
		{2AB901CF-C93E-45B8-87E0-922AAC59EDA5}.Release|Any CPU.ActiveCfg = Release|Any CPU
		{2AB901CF-C93E-45B8-87E0-922AAC59EDA5}.Release|Any CPU.Build.0 = Release|Any CPU
		{2C57AF28-F471-4D88-83BF-89E3A8A2AD50}.Debug|Any CPU.ActiveCfg = Debug|Any CPU
		{2C57AF28-F471-4D88-83BF-89E3A8A2AD50}.Debug|Any CPU.Build.0 = Debug|Any CPU
		{2C57AF28-F471-4D88-83BF-89E3A8A2AD50}.Release|Any CPU.ActiveCfg = Release|Any CPU
		{2C57AF28-F471-4D88-83BF-89E3A8A2AD50}.Release|Any CPU.Build.0 = Release|Any CPU
		{68455DD6-1DA9-4897-90B9-41A8E0A8AA59}.Debug|Any CPU.ActiveCfg = Debug|Any CPU
		{68455DD6-1DA9-4897-90B9-41A8E0A8AA59}.Debug|Any CPU.Build.0 = Debug|Any CPU
		{68455DD6-1DA9-4897-90B9-41A8E0A8AA59}.Release|Any CPU.ActiveCfg = Release|Any CPU
		{68455DD6-1DA9-4897-90B9-41A8E0A8AA59}.Release|Any CPU.Build.0 = Release|Any CPU
		{8F3FC2BB-8FB0-40B2-A0DD-A21C06E2BD0F}.Debug|Any CPU.ActiveCfg = Debug|Any CPU
		{8F3FC2BB-8FB0-40B2-A0DD-A21C06E2BD0F}.Debug|Any CPU.Build.0 = Debug|Any CPU
		{8F3FC2BB-8FB0-40B2-A0DD-A21C06E2BD0F}.Release|Any CPU.ActiveCfg = Release|Any CPU
		{8F3FC2BB-8FB0-40B2-A0DD-A21C06E2BD0F}.Release|Any CPU.Build.0 = Release|Any CPU
		{985C1CF7-0781-4F16-9CED-2459B4E2C972}.Debug|Any CPU.ActiveCfg = Debug|Any CPU
		{985C1CF7-0781-4F16-9CED-2459B4E2C972}.Debug|Any CPU.Build.0 = Debug|Any CPU
		{985C1CF7-0781-4F16-9CED-2459B4E2C972}.Release|Any CPU.ActiveCfg = Release|Any CPU
		{985C1CF7-0781-4F16-9CED-2459B4E2C972}.Release|Any CPU.Build.0 = Release|Any CPU
		{E69938D2-E8ED-49FB-A1B0-6B099B0B8FA2}.Debug|Any CPU.ActiveCfg = Debug|Any CPU
		{E69938D2-E8ED-49FB-A1B0-6B099B0B8FA2}.Debug|Any CPU.Build.0 = Debug|Any CPU
		{E69938D2-E8ED-49FB-A1B0-6B099B0B8FA2}.Release|Any CPU.ActiveCfg = Release|Any CPU
		{E69938D2-E8ED-49FB-A1B0-6B099B0B8FA2}.Release|Any CPU.Build.0 = Release|Any CPU
		{B3DE0CB7-FBB4-4719-9F5D-FDC48A89C703}.Debug|Any CPU.ActiveCfg = Debug|Any CPU
		{B3DE0CB7-FBB4-4719-9F5D-FDC48A89C703}.Debug|Any CPU.Build.0 = Debug|Any CPU
		{B3DE0CB7-FBB4-4719-9F5D-FDC48A89C703}.Release|Any CPU.ActiveCfg = Release|Any CPU
		{B3DE0CB7-FBB4-4719-9F5D-FDC48A89C703}.Release|Any CPU.Build.0 = Release|Any CPU
		{82812A28-FD7F-435D-ADF6-BA1B47F595BF}.Debug|Any CPU.ActiveCfg = Debug|Any CPU
		{82812A28-FD7F-435D-ADF6-BA1B47F595BF}.Debug|Any CPU.Build.0 = Debug|Any CPU
		{82812A28-FD7F-435D-ADF6-BA1B47F595BF}.Release|Any CPU.ActiveCfg = Release|Any CPU
		{82812A28-FD7F-435D-ADF6-BA1B47F595BF}.Release|Any CPU.Build.0 = Release|Any CPU
	EndGlobalSection
	GlobalSection(SolutionProperties) = preSolution
		HideSolutionNode = FALSE
	EndGlobalSection
	GlobalSection(NestedProjects) = preSolution
		{8F3FC2BB-8FB0-40B2-A0DD-A21C06E2BD0F} = {25570F4D-C106-4377-9E40-22A09C7C8667}
		{985C1CF7-0781-4F16-9CED-2459B4E2C972} = {25570F4D-C106-4377-9E40-22A09C7C8667}
		{E69938D2-E8ED-49FB-A1B0-6B099B0B8FA2} = {25570F4D-C106-4377-9E40-22A09C7C8667}
		{B3DE0CB7-FBB4-4719-9F5D-FDC48A89C703} = {25570F4D-C106-4377-9E40-22A09C7C8667}
	EndGlobalSection
	GlobalSection(MonoDevelopProperties) = preSolution
		Policies = $0
		$0.DotNetNamingPolicy = $1
		$1.DirectoryNamespaceAssociation = None
		$1.ResourceNamePolicy = FileFormatDefault
		$0.VersionControlPolicy = $2
		$2.inheritsSet = Mono
	EndGlobalSection
EndGlobal
